
Microsoft Visual Studio Solution File, Format Version 12.00
# Visual Studio Version 17
VisualStudioVersion = 17.11.35017.193
MinimumVisualStudioVersion = 10.0.40219.1
Project("{FAE04EC0-301F-11D3-BF4B-00C04F79EFBC}") = "SysProgLab3", "SysProgLab3.csproj", "{DA239D05-9D3F-491E-ABC2-CCE03557EF71}"
EndProject
Global
	GlobalSection(SolutionConfigurationPlatforms) = preSolution
		Debug|Any CPU = Debug|Any CPU
		Release|Any CPU = Release|Any CPU
	EndGlobalSection
	GlobalSection(ProjectConfigurationPlatforms) = postSolution
		{DA239D05-9D3F-491E-ABC2-CCE03557EF71}.Debug|Any CPU.ActiveCfg = Debug|Any CPU
		{DA239D05-9D3F-491E-ABC2-CCE03557EF71}.Debug|Any CPU.Build.0 = Debug|Any CPU
		{DA239D05-9D3F-491E-ABC2-CCE03557EF71}.Release|Any CPU.ActiveCfg = Release|Any CPU
		{DA239D05-9D3F-491E-ABC2-CCE03557EF71}.Release|Any CPU.Build.0 = Release|Any CPU
	EndGlobalSection
	GlobalSection(SolutionProperties) = preSolution
		HideSolutionNode = FALSE
	EndGlobalSection
	GlobalSection(ExtensibilityGlobals) = postSolution
		SolutionGuid = {431AB7C4-94B3-4764-A895-D27669DF05F3}
	EndGlobalSection
EndGlobal
